// !$*UTF8*$!
{
	archiveVersion = 1;
	classes = {};
	objectVersion = 60;
	objects = {

/* Begin PBXBuildFile section */
		B00000000000000000000001 /* StreamDockApp.swift in Sources */ = {isa = PBXBuildFile; fileRef = F00000000000000000000001 /* StreamDockApp.swift */; };
		B00000000000000000000002 /* AppModel.swift in Sources */ = {isa = PBXBuildFile; fileRef = F00000000000000000000002 /* AppModel.swift */; };
		B00000000000000000000003 /* ContentView.swift in Sources */ = {isa = PBXBuildFile; fileRef = F00000000000000000000003 /* ContentView.swift */; };
		B00000000000000000000004 /* KeyInspectorView.swift in Sources */ = {isa = PBXBuildFile; fileRef = F00000000000000000000004 /* KeyInspectorView.swift */; };
		B00000000000000000000005 /* SourceEditorView.swift in Sources */ = {isa = PBXBuildFile; fileRef = F00000000000000000000005 /* SourceEditorView.swift */; };
		B00000000000000000000007 /* SecretsView.swift in Sources */ = {isa = PBXBuildFile; fileRef = F00000000000000000000007 /* SecretsView.swift */; };
		B00000000000000000000006 /* StreamDockCore in Frameworks */ = {isa = PBXBuildFile; productRef = P00000000000000000000001 /* StreamDockCore */; };
		B00000000000000000000011 /* DragAndDropUITests.swift in Sources */ = {isa = PBXBuildFile; fileRef = F00000000000000000000011 /* DragAndDropUITests.swift */; };
		B00000000000000000000012 /* StreamDockUITestCase.swift in Sources */ = {isa = PBXBuildFile; fileRef = F00000000000000000000013 /* StreamDockUITestCase.swift */; };
		B00000000000000000000013 /* KeyDeletionUITests.swift in Sources */ = {isa = PBXBuildFile; fileRef = F00000000000000000000014 /* KeyDeletionUITests.swift */; };
		B00000000000000000000014 /* DeckSettingsUITests.swift in Sources */ = {isa = PBXBuildFile; fileRef = F00000000000000000000015 /* DeckSettingsUITests.swift */; };
		B00000000000000000000015 /* Assets.xcassets in Resources */ = {isa = PBXBuildFile; fileRef = F00000000000000000000016 /* Assets.xcassets */; };
/* End PBXBuildFile section */

/* Begin PBXContainerItemProxy section */
		CP0000000000000000000001 /* PBXContainerItemProxy */ = {
			isa = PBXContainerItemProxy;
			containerPortal = PR0000000000000000000001 /* Project object */;
			proxyType = 1;
			remoteGlobalIDString = T00000000000000000000001;
			remoteInfo = StreamDock;
		};
/* End PBXContainerItemProxy section */

/* Begin PBXFileReference section */
		F00000000000000000000001 /* StreamDockApp.swift */ = {isa = PBXFileReference; lastKnownFileType = sourcecode.swift; path = StreamDockApp.swift; sourceTree = "<group>"; };
		F00000000000000000000002 /* AppModel.swift */ = {isa = PBXFileReference; lastKnownFileType = sourcecode.swift; path = AppModel.swift; sourceTree = "<group>"; };
		F00000000000000000000003 /* ContentView.swift */ = {isa = PBXFileReference; lastKnownFileType = sourcecode.swift; path = ContentView.swift; sourceTree = "<group>"; };
		F00000000000000000000004 /* KeyInspectorView.swift */ = {isa = PBXFileReference; lastKnownFileType = sourcecode.swift; path = KeyInspectorView.swift; sourceTree = "<group>"; };
		F00000000000000000000005 /* SourceEditorView.swift */ = {isa = PBXFileReference; lastKnownFileType = sourcecode.swift; path = SourceEditorView.swift; sourceTree = "<group>"; };
		F00000000000000000000007 /* SecretsView.swift */ = {isa = PBXFileReference; lastKnownFileType = sourcecode.swift; path = SecretsView.swift; sourceTree = "<group>"; };
		F00000000000000000000006 /* StreamDock.app */ = {isa = PBXFileReference; explicitFileType = wrapper.application; includeInIndex = 0; path = StreamDock.app; sourceTree = BUILT_PRODUCTS_DIR; };
		F00000000000000000000011 /* DragAndDropUITests.swift */ = {isa = PBXFileReference; lastKnownFileType = sourcecode.swift; path = DragAndDropUITests.swift; sourceTree = "<group>"; };
		F00000000000000000000013 /* StreamDockUITestCase.swift */ = {isa = PBXFileReference; lastKnownFileType = sourcecode.swift; path = StreamDockUITestCase.swift; sourceTree = "<group>"; };
		F00000000000000000000014 /* KeyDeletionUITests.swift */ = {isa = PBXFileReference; lastKnownFileType = sourcecode.swift; path = KeyDeletionUITests.swift; sourceTree = "<group>"; };
		F00000000000000000000015 /* DeckSettingsUITests.swift */ = {isa = PBXFileReference; lastKnownFileType = sourcecode.swift; path = DeckSettingsUITests.swift; sourceTree = "<group>"; };
		F00000000000000000000016 /* Assets.xcassets */ = {isa = PBXFileReference; lastKnownFileType = folder.assetcatalog; path = Resources/Assets.xcassets; sourceTree = "<group>"; };
		F00000000000000000000012 /* StreamDockUITests.xctest */ = {isa = PBXFileReference; explicitFileType = wrapper.cfbundle; includeInIndex = 0; path = StreamDockUITests.xctest; sourceTree = BUILT_PRODUCTS_DIR; };
/* End PBXFileReference section */

/* Begin PBXFrameworksBuildPhase section */
		A00000000000000000000002 /* Frameworks */ = {
			isa = PBXFrameworksBuildPhase;
			buildActionMask = 2147483647;
			files = (B00000000000000000000006 /* StreamDockCore in Frameworks */,);
			runOnlyForDeploymentPostprocessing = 0;
		};
		A00000000000000000000012 /* Frameworks */ = {
			isa = PBXFrameworksBuildPhase;
			buildActionMask = 2147483647;
			files = ();
			runOnlyForDeploymentPostprocessing = 0;
		};
/* End PBXFrameworksBuildPhase section */

/* Begin PBXGroup section */
		G00000000000000000000001 = {
			isa = PBXGroup;
			children = (
				G00000000000000000000002 /* StreamDockApp */,
				F00000000000000000000016 /* Assets.xcassets */,
				G00000000000000000000004 /* StreamDockUITests */,
				G00000000000000000000003 /* Products */,
			);
			sourceTree = "<group>";
		};
		G00000000000000000000004 /* StreamDockUITests */ = {
			isa = PBXGroup;
			children = (
				F00000000000000000000013 /* StreamDockUITestCase.swift */,
				F00000000000000000000011 /* DragAndDropUITests.swift */,
				F00000000000000000000014 /* KeyDeletionUITests.swift */,
				F00000000000000000000015 /* DeckSettingsUITests.swift */,
			);
			name = StreamDockUITests;
			path = UITests;
			sourceTree = "<group>";
		};
		G00000000000000000000002 /* StreamDockApp */ = {
			isa = PBXGroup;
			children = (
				F00000000000000000000001 /* StreamDockApp.swift */,
				F00000000000000000000002 /* AppModel.swift */,
				F00000000000000000000003 /* ContentView.swift */,
				F00000000000000000000004 /* KeyInspectorView.swift */,
				F00000000000000000000005 /* SourceEditorView.swift */,
				F00000000000000000000007 /* SecretsView.swift */,
			);
			path = Sources/StreamDockApp;
			sourceTree = "<group>";
		};
		G00000000000000000000003 /* Products */ = {
			isa = PBXGroup;
			children = (
				F00000000000000000000006 /* StreamDock.app */,
				F00000000000000000000012 /* StreamDockUITests.xctest */,
			);
			name = Products;
			sourceTree = "<group>";
		};
/* End PBXGroup section */

/* Begin PBXNativeTarget section */
		T00000000000000000000001 /* StreamDock */ = {
			isa = PBXNativeTarget;
			buildConfigurationList = C00000000000000000000003 /* Build configuration list for PBXNativeTarget "StreamDock" */;
			buildPhases = (
				A00000000000000000000001 /* Sources */,
				A00000000000000000000002 /* Frameworks */,
				A00000000000000000000003 /* Resources */,
			);
			buildRules = ();
			dependencies = ();
			name = StreamDock;
			packageProductDependencies = (P00000000000000000000001 /* StreamDockCore */,);
			productName = StreamDock;
			productReference = F00000000000000000000006 /* StreamDock.app */;
			productType = "com.apple.product-type.application";
		};
		T00000000000000000000002 /* StreamDockUITests */ = {
			isa = PBXNativeTarget;
			buildConfigurationList = C00000000000000000000004 /* Build configuration list for PBXNativeTarget "StreamDockUITests" */;
			buildPhases = (
				A00000000000000000000011 /* Sources */,
				A00000000000000000000012 /* Frameworks */,
				A00000000000000000000013 /* Resources */,
			);
			buildRules = ();
			dependencies = (
				D00000000000000000000001 /* PBXTargetDependency */,
			);
			name = StreamDockUITests;
			productName = StreamDockUITests;
			productReference = F00000000000000000000012 /* StreamDockUITests.xctest */;
			productType = "com.apple.product-type.bundle.ui-testing";
		};
/* End PBXNativeTarget section */

/* Begin PBXProject section */
		PR0000000000000000000001 /* Project object */ = {
			isa = PBXProject;
			attributes = {
				BuildIndependentTargetsInParallel = 1;
				LastSwiftUpdateCheck = 2700;
				LastUpgradeCheck = 2700;
				TargetAttributes = {
					T00000000000000000000002 = {
						TestTargetID = T00000000000000000000001;
					};
				};
			};
			buildConfigurationList = C00000000000000000000001 /* Build configuration list for PBXProject "StreamDock" */;
			compatibilityVersion = "Xcode 15.0";
			developmentRegion = en;
			hasScannedForEncodings = 0;
			knownRegions = (en, Base,);
			mainGroup = G00000000000000000000001;
			packageReferences = (PK0000000000000000000001 /* XCLocalSwiftPackageReference "." */,);
			productRefGroup = G00000000000000000000003 /* Products */;
			projectDirPath = "";
			projectRoot = "";
			targets = (
				T00000000000000000000001 /* StreamDock */,
				T00000000000000000000002 /* StreamDockUITests */,
			);
		};
/* End PBXProject section */

/* Begin PBXResourcesBuildPhase section */
		A00000000000000000000003 /* Resources */ = {
			isa = PBXResourcesBuildPhase;
			buildActionMask = 2147483647;
			files = (
				B00000000000000000000015 /* Assets.xcassets in Resources */,
			);
			runOnlyForDeploymentPostprocessing = 0;
		};
		A00000000000000000000013 /* Resources */ = {
			isa = PBXResourcesBuildPhase;
			buildActionMask = 2147483647;
			files = ();
			runOnlyForDeploymentPostprocessing = 0;
		};
/* End PBXResourcesBuildPhase section */

/* Begin PBXSourcesBuildPhase section */
		A00000000000000000000001 /* Sources */ = {
			isa = PBXSourcesBuildPhase;
			buildActionMask = 2147483647;
			files = (
				B00000000000000000000001 /* StreamDockApp.swift in Sources */,
				B00000000000000000000002 /* AppModel.swift in Sources */,
				B00000000000000000000003 /* ContentView.swift in Sources */,
				B00000000000000000000004 /* KeyInspectorView.swift in Sources */,
				B00000000000000000000005 /* SourceEditorView.swift in Sources */,
				B00000000000000000000007 /* SecretsView.swift in Sources */,
			);
			runOnlyForDeploymentPostprocessing = 0;
		};
		A00000000000000000000011 /* Sources */ = {
			isa = PBXSourcesBuildPhase;
			buildActionMask = 2147483647;
			files = (
				B00000000000000000000012 /* StreamDockUITestCase.swift in Sources */,
				B00000000000000000000011 /* DragAndDropUITests.swift in Sources */,
				B00000000000000000000013 /* KeyDeletionUITests.swift in Sources */,
				B00000000000000000000014 /* DeckSettingsUITests.swift in Sources */,
			);
			runOnlyForDeploymentPostprocessing = 0;
		};
/* End PBXSourcesBuildPhase section */

/* Begin PBXTargetDependency section */
		D00000000000000000000001 /* PBXTargetDependency */ = {
			isa = PBXTargetDependency;
			target = T00000000000000000000001 /* StreamDock */;
			targetProxy = CP0000000000000000000001 /* PBXContainerItemProxy */;
		};
/* End PBXTargetDependency section */

/* Begin XCBuildConfiguration section */
		C00000000000000000000011 /* Debug */ = {
			isa = XCBuildConfiguration;
			buildSettings = {
				CLANG_ENABLE_MODULES = YES;
				MACOSX_DEPLOYMENT_TARGET = 14.0;
				ONLY_ACTIVE_ARCH = YES;
				SDKROOT = macosx;
				SWIFT_ACTIVE_COMPILATION_CONDITIONS = DEBUG;
				SWIFT_OPTIMIZATION_LEVEL = "-Onone";
			};
			name = Debug;
		};
		C00000000000000000000012 /* Release */ = {
			isa = XCBuildConfiguration;
			buildSettings = {
				CLANG_ENABLE_MODULES = YES;
				MACOSX_DEPLOYMENT_TARGET = 14.0;
				SDKROOT = macosx;
				SWIFT_COMPILATION_MODE = wholemodule;
			};
			name = Release;
		};
		C00000000000000000000021 /* Debug */ = {
			isa = XCBuildConfiguration;
			buildSettings = {
				ASSETCATALOG_COMPILER_APPICON_NAME = AppIcon;
				CODE_SIGN_STYLE = Automatic;
				CURRENT_PROJECT_VERSION = 1;
				ENABLE_APP_SANDBOX = NO;
				ENABLE_HARDENED_RUNTIME = YES;
				GENERATE_INFOPLIST_FILE = YES;
				INFOPLIST_KEY_CFBundleDisplayName = StreamDock;
				INFOPLIST_KEY_LSApplicationCategoryType = "public.app-category.utilities";
				INFOPLIST_KEY_NSPrincipalClass = NSApplication;
				MACOSX_DEPLOYMENT_TARGET = 14.0;
				MARKETING_VERSION = 0.2.0;
				ONLY_ACTIVE_ARCH = YES;
				PRODUCT_BUNDLE_IDENTIFIER = com.stevemurr.StreamDock;
				PRODUCT_NAME = "$(TARGET_NAME)";
				SWIFT_VERSION = 6.0;
			};
			name = Debug;
		};
		C00000000000000000000022 /* Release */ = {
			isa = XCBuildConfiguration;
			buildSettings = {
				ASSETCATALOG_COMPILER_APPICON_NAME = AppIcon;
				CODE_SIGN_STYLE = Automatic;
				CURRENT_PROJECT_VERSION = 1;
				ENABLE_APP_SANDBOX = NO;
				ENABLE_HARDENED_RUNTIME = YES;
				GENERATE_INFOPLIST_FILE = YES;
				INFOPLIST_KEY_CFBundleDisplayName = StreamDock;
				INFOPLIST_KEY_LSApplicationCategoryType = "public.app-category.utilities";
				INFOPLIST_KEY_NSPrincipalClass = NSApplication;
				MACOSX_DEPLOYMENT_TARGET = 14.0;
				MARKETING_VERSION = 0.2.0;
				PRODUCT_BUNDLE_IDENTIFIER = com.stevemurr.StreamDock;
				PRODUCT_NAME = "$(TARGET_NAME)";
				SWIFT_VERSION = 6.0;
			};
			name = Release;
		};
		C00000000000000000000031 /* Debug */ = {
			isa = XCBuildConfiguration;
			buildSettings = {
				CODE_SIGN_STYLE = Automatic;
				CURRENT_PROJECT_VERSION = 1;
				GENERATE_INFOPLIST_FILE = YES;
				MACOSX_DEPLOYMENT_TARGET = 14.0;
				MARKETING_VERSION = 0.2.0;
				ONLY_ACTIVE_ARCH = YES;
				PRODUCT_BUNDLE_IDENTIFIER = com.stevemurr.StreamDockUITests;
				PRODUCT_NAME = "$(TARGET_NAME)";
				SWIFT_VERSION = 6.0;
				TEST_TARGET_NAME = StreamDock;
			};
			name = Debug;
		};
		C00000000000000000000032 /* Release */ = {
			isa = XCBuildConfiguration;
			buildSettings = {
				CODE_SIGN_STYLE = Automatic;
				CURRENT_PROJECT_VERSION = 1;
				GENERATE_INFOPLIST_FILE = YES;
				MACOSX_DEPLOYMENT_TARGET = 14.0;
				MARKETING_VERSION = 0.2.0;
				PRODUCT_BUNDLE_IDENTIFIER = com.stevemurr.StreamDockUITests;
				PRODUCT_NAME = "$(TARGET_NAME)";
				SWIFT_VERSION = 6.0;
				TEST_TARGET_NAME = StreamDock;
			};
			name = Release;
		};
/* End XCBuildConfiguration section */

/* Begin XCConfigurationList section */
		C00000000000000000000001 /* Build configuration list for PBXProject "StreamDock" */ = {
			isa = XCConfigurationList;
			buildConfigurations = (C00000000000000000000011 /* Debug */, C00000000000000000000012 /* Release */,);
			defaultConfigurationIsVisible = 0;
			defaultConfigurationName = Release;
		};
		C00000000000000000000003 /* Build configuration list for PBXNativeTarget "StreamDock" */ = {
			isa = XCConfigurationList;
			buildConfigurations = (C00000000000000000000021 /* Debug */, C00000000000000000000022 /* Release */,);
			defaultConfigurationIsVisible = 0;
			defaultConfigurationName = Release;
		};
		C00000000000000000000004 /* Build configuration list for PBXNativeTarget "StreamDockUITests" */ = {
			isa = XCConfigurationList;
			buildConfigurations = (C00000000000000000000031 /* Debug */, C00000000000000000000032 /* Release */,);
			defaultConfigurationIsVisible = 0;
			defaultConfigurationName = Release;
		};
/* End XCConfigurationList section */

/* Begin XCLocalSwiftPackageReference section */
		PK0000000000000000000001 /* XCLocalSwiftPackageReference "." */ = {
			isa = XCLocalSwiftPackageReference;
			relativePath = ".";
		};
/* End XCLocalSwiftPackageReference section */

/* Begin XCSwiftPackageProductDependency section */
		P00000000000000000000001 /* StreamDockCore */ = {
			isa = XCSwiftPackageProductDependency;
			package = PK0000000000000000000001 /* XCLocalSwiftPackageReference "." */;
			productName = StreamDockCore;
		};
/* End XCSwiftPackageProductDependency section */
	};
	rootObject = PR0000000000000000000001 /* Project object */;
}
